
Microsoft Visual Studio Solution File, Format Version 12.00
# Visual Studio Version 16
VisualStudioVersion = 16.0.30804.86
MinimumVisualStudioVersion = 10.0.40219.1
Project("{FAE04EC0-301F-11D3-BF4B-00C04F79EFBC}") = "controlit.loja.view", "controlit.loja\controlit.loja.view.csproj", "{713DC895-080B-4286-A143-9EBFE085AC15}"
EndProject
Global
	GlobalSection(SolutionConfigurationPlatforms) = preSolution
		Debug|Any CPU = Debug|Any CPU
		Release|Any CPU = Release|Any CPU
	EndGlobalSection
	GlobalSection(ProjectConfigurationPlatforms) = postSolution
		{713DC895-080B-4286-A143-9EBFE085AC15}.Debug|Any CPU.ActiveCfg = Debug|Any CPU
		{713DC895-080B-4286-A143-9EBFE085AC15}.Debug|Any CPU.Build.0 = Debug|Any CPU
		{713DC895-080B-4286-A143-9EBFE085AC15}.Release|Any CPU.ActiveCfg = Release|Any CPU
		{713DC895-080B-4286-A143-9EBFE085AC15}.Release|Any CPU.Build.0 = Release|Any CPU
	EndGlobalSection
	GlobalSection(SolutionProperties) = preSolution
		HideSolutionNode = FALSE
	EndGlobalSection
	GlobalSection(ExtensibilityGlobals) = postSolution
		SolutionGuid = {39225AB3-AC7B-4842-9C56-DF45D05A85D9}
	EndGlobalSection
EndGlobal
